// !$*UTF8*$!
{
	archiveVersion = 1;
	classes = {
	};
	objectVersion = 55;
	objects = {

/* Begin PBXBuildFile section */
		1FB0C3DA597E2ACC1BEA19EA /* Pods_Pro1_0.framework in Frameworks */ = {isa = PBXBuildFile; fileRef = C772DBFC5D249588A2D3852C /* Pods_Pro1_0.framework */; };
		686937F3E88946265B7FF3CD /* Pods_Pro1_0Tests.framework in Frameworks */ = {isa = PBXBuildFile; fileRef = 9DB7B05EE58874B95E9D297D /* Pods_Pro1_0Tests.framework */; };
		6A3F55D92817D68B00CF971A /* WaterFallFlowLayout.m in Sources */ = {isa = PBXBuildFile; fileRef = 6A3F55D82817D68B00CF971A /* WaterFallFlowLayout.m */; };
		6A528E6D2816D87000C9BE56 /* NoteSectionViewController.m in Sources */ = {isa = PBXBuildFile; fileRef = 6A528E6C2816D87000C9BE56 /* NoteSectionViewController.m */; };
		6A528E702816F13B00C9BE56 /* NoteViewController.m in Sources */ = {isa = PBXBuildFile; fileRef = 6A528E6F2816F13B00C9BE56 /* NoteViewController.m */; };
		6A69400828159864004D6486 /* HomeViewController.m in Sources */ = {isa = PBXBuildFile; fileRef = 6A69400728159864004D6486 /* HomeViewController.m */; };
		6A99C38A2812ED7900033660 /* AppDelegate.m in Sources */ = {isa = PBXBuildFile; fileRef = 6A99C3892812ED7900033660 /* AppDelegate.m */; };
		6A99C38D2812ED7900033660 /* SceneDelegate.m in Sources */ = {isa = PBXBuildFile; fileRef = 6A99C38C2812ED7900033660 /* SceneDelegate.m */; };
		6A99C3932812ED7900033660 /* Main.storyboard in Resources */ = {isa = PBXBuildFile; fileRef = 6A99C3912812ED7900033660 /* Main.storyboard */; };
		6A99C3952812ED7900033660 /* Assets.xcassets in Resources */ = {isa = PBXBuildFile; fileRef = 6A99C3942812ED7900033660 /* Assets.xcassets */; };
		6A99C3982812ED7900033660 /* LaunchScreen.storyboard in Resources */ = {isa = PBXBuildFile; fileRef = 6A99C3962812ED7900033660 /* LaunchScreen.storyboard */; };
		6A99C39B2812ED7900033660 /* main.m in Sources */ = {isa = PBXBuildFile; fileRef = 6A99C39A2812ED7900033660 /* main.m */; };
		6A99C3A52812ED7900033660 /* Pro1_0Tests.m in Sources */ = {isa = PBXBuildFile; fileRef = 6A99C3A42812ED7900033660 /* Pro1_0Tests.m */; };
		6A99C3AF2812ED7900033660 /* Pro1_0UITests.m in Sources */ = {isa = PBXBuildFile; fileRef = 6A99C3AE2812ED7900033660 /* Pro1_0UITests.m */; };
		6A99C3B12812ED7900033660 /* Pro1_0UITestsLaunchTests.m in Sources */ = {isa = PBXBuildFile; fileRef = 6A99C3B02812ED7900033660 /* Pro1_0UITestsLaunchTests.m */; };
		6AA0F7E228168C470082E9C0 /* EventSectionViewController.m in Sources */ = {isa = PBXBuildFile; fileRef = 6AA0F7E128168C470082E9C0 /* EventSectionViewController.m */; };
		6AA0F7E52816A9420082E9C0 /* TodoSectionViewController.m in Sources */ = {isa = PBXBuildFile; fileRef = 6AA0F7E42816A9420082E9C0 /* TodoSectionViewController.m */; };
		6AD275132815A1D20076CEFF /* EventViewController.m in Sources */ = {isa = PBXBuildFile; fileRef = 6AD275122815A1D20076CEFF /* EventViewController.m */; };
		6ADC48A8281550D60065EECA /* MainTabBarController.m in Sources */ = {isa = PBXBuildFile; fileRef = 6ADC48A7281550D60065EECA /* MainTabBarController.m */; };
		6F09CCBB2A160066C61859C8 /* Pods_Pro1_0_Pro1_0UITests.framework in Frameworks */ = {isa = PBXBuildFile; fileRef = 229D9FE2D2548386D0B8BB41 /* Pods_Pro1_0_Pro1_0UITests.framework */; };
/* End PBXBuildFile section */

/* Begin PBXContainerItemProxy section */
		6A99C3A12812ED7900033660 /* PBXContainerItemProxy */ = {
			isa = PBXContainerItemProxy;
			containerPortal = 6A99C37D2812ED7900033660 /* Project object */;
			proxyType = 1;
			remoteGlobalIDString = 6A99C3842812ED7900033660;
			remoteInfo = Pro1.0;
		};
		6A99C3AB2812ED7900033660 /* PBXContainerItemProxy */ = {
			isa = PBXContainerItemProxy;
			containerPortal = 6A99C37D2812ED7900033660 /* Project object */;
			proxyType = 1;
			remoteGlobalIDString = 6A99C3842812ED7900033660;
			remoteInfo = Pro1.0;
		};
/* End PBXContainerItemProxy section */

/* Begin PBXFileReference section */
		1FA2B1E63B483633C6222902 /* Pods-Pro1.0.release.xcconfig */ = {isa = PBXFileReference; includeInIndex = 1; lastKnownFileType = text.xcconfig; name = "Pods-Pro1.0.release.xcconfig"; path = "Target Support Files/Pods-Pro1.0/Pods-Pro1.0.release.xcconfig"; sourceTree = "<group>"; };
		229D9FE2D2548386D0B8BB41 /* Pods_Pro1_0_Pro1_0UITests.framework */ = {isa = PBXFileReference; explicitFileType = wrapper.framework; includeInIndex = 0; path = Pods_Pro1_0_Pro1_0UITests.framework; sourceTree = BUILT_PRODUCTS_DIR; };
		6A3F55D72817D68B00CF971A /* WaterFallFlowLayout.h */ = {isa = PBXFileReference; lastKnownFileType = sourcecode.c.h; path = WaterFallFlowLayout.h; sourceTree = "<group>"; };
		6A3F55D82817D68B00CF971A /* WaterFallFlowLayout.m */ = {isa = PBXFileReference; lastKnownFileType = sourcecode.c.objc; path = WaterFallFlowLayout.m; sourceTree = "<group>"; };
		6A528E6B2816D87000C9BE56 /* NoteSectionViewController.h */ = {isa = PBXFileReference; lastKnownFileType = sourcecode.c.h; path = NoteSectionViewController.h; sourceTree = "<group>"; };
		6A528E6C2816D87000C9BE56 /* NoteSectionViewController.m */ = {isa = PBXFileReference; lastKnownFileType = sourcecode.c.objc; path = NoteSectionViewController.m; sourceTree = "<group>"; };
		6A528E6E2816F13B00C9BE56 /* NoteViewController.h */ = {isa = PBXFileReference; lastKnownFileType = sourcecode.c.h; path = NoteViewController.h; sourceTree = "<group>"; };
		6A528E6F2816F13B00C9BE56 /* NoteViewController.m */ = {isa = PBXFileReference; lastKnownFileType = sourcecode.c.objc; path = NoteViewController.m; sourceTree = "<group>"; };
		6A69400628159864004D6486 /* HomeViewController.h */ = {isa = PBXFileReference; lastKnownFileType = sourcecode.c.h; path = HomeViewController.h; sourceTree = "<group>"; };
		6A69400728159864004D6486 /* HomeViewController.m */ = {isa = PBXFileReference; lastKnownFileType = sourcecode.c.objc; path = HomeViewController.m; sourceTree = "<group>"; };
		6A99C3852812ED7900033660 /* Pro1.0.app */ = {isa = PBXFileReference; explicitFileType = wrapper.application; includeInIndex = 0; path = Pro1.0.app; sourceTree = BUILT_PRODUCTS_DIR; };
		6A99C3882812ED7900033660 /* AppDelegate.h */ = {isa = PBXFileReference; lastKnownFileType = sourcecode.c.h; path = AppDelegate.h; sourceTree = "<group>"; };
		6A99C3892812ED7900033660 /* AppDelegate.m */ = {isa = PBXFileReference; lastKnownFileType = sourcecode.c.objc; path = AppDelegate.m; sourceTree = "<group>"; };
		6A99C38B2812ED7900033660 /* SceneDelegate.h */ = {isa = PBXFileReference; lastKnownFileType = sourcecode.c.h; path = SceneDelegate.h; sourceTree = "<group>"; };
		6A99C38C2812ED7900033660 /* SceneDelegate.m */ = {isa = PBXFileReference; lastKnownFileType = sourcecode.c.objc; path = SceneDelegate.m; sourceTree = "<group>"; };
		6A99C3922812ED7900033660 /* Base */ = {isa = PBXFileReference; lastKnownFileType = file.storyboard; name = Base; path = Base.lproj/Main.storyboard; sourceTree = "<group>"; };
		6A99C3942812ED7900033660 /* Assets.xcassets */ = {isa = PBXFileReference; lastKnownFileType = folder.assetcatalog; path = Assets.xcassets; sourceTree = "<group>"; };
		6A99C3972812ED7900033660 /* Base */ = {isa = PBXFileReference; lastKnownFileType = file.storyboard; name = Base; path = Base.lproj/LaunchScreen.storyboard; sourceTree = "<group>"; };
		6A99C3992812ED7900033660 /* Info.plist */ = {isa = PBXFileReference; lastKnownFileType = text.plist.xml; path = Info.plist; sourceTree = "<group>"; };
		6A99C39A2812ED7900033660 /* main.m */ = {isa = PBXFileReference; lastKnownFileType = sourcecode.c.objc; path = main.m; sourceTree = "<group>"; };
		6A99C3A02812ED7900033660 /* Pro1.0Tests.xctest */ = {isa = PBXFileReference; explicitFileType = wrapper.cfbundle; includeInIndex = 0; path = Pro1.0Tests.xctest; sourceTree = BUILT_PRODUCTS_DIR; };
		6A99C3A42812ED7900033660 /* Pro1_0Tests.m */ = {isa = PBXFileReference; lastKnownFileType = sourcecode.c.objc; path = Pro1_0Tests.m; sourceTree = "<group>"; };
		6A99C3AA2812ED7900033660 /* Pro1.0UITests.xctest */ = {isa = PBXFileReference; explicitFileType = wrapper.cfbundle; includeInIndex = 0; path = Pro1.0UITests.xctest; sourceTree = BUILT_PRODUCTS_DIR; };
		6A99C3AE2812ED7900033660 /* Pro1_0UITests.m */ = {isa = PBXFileReference; lastKnownFileType = sourcecode.c.objc; path = Pro1_0UITests.m; sourceTree = "<group>"; };
		6A99C3B02812ED7900033660 /* Pro1_0UITestsLaunchTests.m */ = {isa = PBXFileReference; lastKnownFileType = sourcecode.c.objc; path = Pro1_0UITestsLaunchTests.m; sourceTree = "<group>"; };
		6AA0F7E028168C470082E9C0 /* EventSectionViewController.h */ = {isa = PBXFileReference; lastKnownFileType = sourcecode.c.h; path = EventSectionViewController.h; sourceTree = "<group>"; };
		6AA0F7E128168C470082E9C0 /* EventSectionViewController.m */ = {isa = PBXFileReference; lastKnownFileType = sourcecode.c.objc; path = EventSectionViewController.m; sourceTree = "<group>"; };
		6AA0F7E32816A9420082E9C0 /* TodoSectionViewController.h */ = {isa = PBXFileReference; lastKnownFileType = sourcecode.c.h; path = TodoSectionViewController.h; sourceTree = "<group>"; };
		6AA0F7E42816A9420082E9C0 /* TodoSectionViewController.m */ = {isa = PBXFileReference; lastKnownFileType = sourcecode.c.objc; path = TodoSectionViewController.m; sourceTree = "<group>"; };
		6AD275112815A1D20076CEFF /* EventViewController.h */ = {isa = PBXFileReference; lastKnownFileType = sourcecode.c.h; path = EventViewController.h; sourceTree = "<group>"; };
		6AD275122815A1D20076CEFF /* EventViewController.m */ = {isa = PBXFileReference; lastKnownFileType = sourcecode.c.objc; path = EventViewController.m; sourceTree = "<group>"; };
		6ADC48A6281550D60065EECA /* MainTabBarController.h */ = {isa = PBXFileReference; lastKnownFileType = sourcecode.c.h; path = MainTabBarController.h; sourceTree = "<group>"; };
		6ADC48A7281550D60065EECA /* MainTabBarController.m */ = {isa = PBXFileReference; lastKnownFileType = sourcecode.c.objc; path = MainTabBarController.m; sourceTree = "<group>"; };
		799A1115B6C619309E35685E /* Pods-Pro1.0Tests.release.xcconfig */ = {isa = PBXFileReference; includeInIndex = 1; lastKnownFileType = text.xcconfig; name = "Pods-Pro1.0Tests.release.xcconfig"; path = "Target Support Files/Pods-Pro1.0Tests/Pods-Pro1.0Tests.release.xcconfig"; sourceTree = "<group>"; };
		9DB7B05EE58874B95E9D297D /* Pods_Pro1_0Tests.framework */ = {isa = PBXFileReference; explicitFileType = wrapper.framework; includeInIndex = 0; path = Pods_Pro1_0Tests.framework; sourceTree = BUILT_PRODUCTS_DIR; };
		AC4ECC326230D9834E167A86 /* Pods-Pro1.0-Pro1.0UITests.debug.xcconfig */ = {isa = PBXFileReference; includeInIndex = 1; lastKnownFileType = text.xcconfig; name = "Pods-Pro1.0-Pro1.0UITests.debug.xcconfig"; path = "Target Support Files/Pods-Pro1.0-Pro1.0UITests/Pods-Pro1.0-Pro1.0UITests.debug.xcconfig"; sourceTree = "<group>"; };
		AE03E0115AAA6640527DECA5 /* Pods-Pro1.0Tests.debug.xcconfig */ = {isa = PBXFileReference; includeInIndex = 1; lastKnownFileType = text.xcconfig; name = "Pods-Pro1.0Tests.debug.xcconfig"; path = "Target Support Files/Pods-Pro1.0Tests/Pods-Pro1.0Tests.debug.xcconfig"; sourceTree = "<group>"; };
		C772DBFC5D249588A2D3852C /* Pods_Pro1_0.framework */ = {isa = PBXFileReference; explicitFileType = wrapper.framework; includeInIndex = 0; path = Pods_Pro1_0.framework; sourceTree = BUILT_PRODUCTS_DIR; };
		D3D40C487415BB241232F911 /* Pods-Pro1.0.debug.xcconfig */ = {isa = PBXFileReference; includeInIndex = 1; lastKnownFileType = text.xcconfig; name = "Pods-Pro1.0.debug.xcconfig"; path = "Target Support Files/Pods-Pro1.0/Pods-Pro1.0.debug.xcconfig"; sourceTree = "<group>"; };
		F3554F38D7079089E0BC07F4 /* Pods-Pro1.0-Pro1.0UITests.release.xcconfig */ = {isa = PBXFileReference; includeInIndex = 1; lastKnownFileType = text.xcconfig; name = "Pods-Pro1.0-Pro1.0UITests.release.xcconfig"; path = "Target Support Files/Pods-Pro1.0-Pro1.0UITests/Pods-Pro1.0-Pro1.0UITests.release.xcconfig"; sourceTree = "<group>"; };
/* End PBXFileReference section */

/* Begin PBXFrameworksBuildPhase section */
		6A99C3822812ED7900033660 /* Frameworks */ = {
			isa = PBXFrameworksBuildPhase;
			buildActionMask = 2147483647;
			files = (
				1FB0C3DA597E2ACC1BEA19EA /* Pods_Pro1_0.framework in Frameworks */,
			);
			runOnlyForDeploymentPostprocessing = 0;
		};
		6A99C39D2812ED7900033660 /* Frameworks */ = {
			isa = PBXFrameworksBuildPhase;
			buildActionMask = 2147483647;
			files = (
				686937F3E88946265B7FF3CD /* Pods_Pro1_0Tests.framework in Frameworks */,
			);
			runOnlyForDeploymentPostprocessing = 0;
		};
		6A99C3A72812ED7900033660 /* Frameworks */ = {
			isa = PBXFrameworksBuildPhase;
			buildActionMask = 2147483647;
			files = (
				6F09CCBB2A160066C61859C8 /* Pods_Pro1_0_Pro1_0UITests.framework in Frameworks */,
			);
			runOnlyForDeploymentPostprocessing = 0;
		};
/* End PBXFrameworksBuildPhase section */

/* Begin PBXGroup section */
		6A6940002815771E004D6486 /* Event */ = {
			isa = PBXGroup;
			children = (
				6AD275112815A1D20076CEFF /* EventViewController.h */,
				6AD275122815A1D20076CEFF /* EventViewController.m */,
			);
			path = Event;
			sourceTree = "<group>";
		};
		6A69400128157723004D6486 /* Todo */ = {
			isa = PBXGroup;
			children = (
			);
			path = Todo;
			sourceTree = "<group>";
		};
		6A69400228157729004D6486 /* Note */ = {
			isa = PBXGroup;
			children = (
				6A528E6E2816F13B00C9BE56 /* NoteViewController.h */,
				6A528E6F2816F13B00C9BE56 /* NoteViewController.m */,
				6A3F55D72817D68B00CF971A /* WaterFallFlowLayout.h */,
				6A3F55D82817D68B00CF971A /* WaterFallFlowLayout.m */,
			);
			path = Note;
			sourceTree = "<group>";
		};
		6A6F0B402814FA970045D543 /* Classes */ = {
			isa = PBXGroup;
			children = (
				6ADC48A9281554860065EECA /* Home */,
				6A6940002815771E004D6486 /* Event */,
				6A69400128157723004D6486 /* Todo */,
				6A69400228157729004D6486 /* Note */,
				6ADC48A6281550D60065EECA /* MainTabBarController.h */,
				6ADC48A7281550D60065EECA /* MainTabBarController.m */,
			);
			path = Classes;
			sourceTree = "<group>";
		};
		6A99C37C2812ED7900033660 = {
			isa = PBXGroup;
			children = (
				6A99C3872812ED7900033660 /* Pro1.0 */,
				6A99C3A32812ED7900033660 /* Pro1.0Tests */,
				6A99C3AD2812ED7900033660 /* Pro1.0UITests */,
				6A99C3862812ED7900033660 /* Products */,
				86E1DAF0486866EF0626B367 /* Pods */,
				FDD645E74AABBFEB56776314 /* Frameworks */,
			);
			sourceTree = "<group>";
		};
		6A99C3862812ED7900033660 /* Products */ = {
			isa = PBXGroup;
			children = (
				6A99C3852812ED7900033660 /* Pro1.0.app */,
				6A99C3A02812ED7900033660 /* Pro1.0Tests.xctest */,
				6A99C3AA2812ED7900033660 /* Pro1.0UITests.xctest */,
			);
			name = Products;
			sourceTree = "<group>";
		};
		6A99C3872812ED7900033660 /* Pro1.0 */ = {
			isa = PBXGroup;
			children = (
				6A6F0B402814FA970045D543 /* Classes */,
				6A99C3882812ED7900033660 /* AppDelegate.h */,
				6A99C3892812ED7900033660 /* AppDelegate.m */,
				6A99C38B2812ED7900033660 /* SceneDelegate.h */,
				6A99C38C2812ED7900033660 /* SceneDelegate.m */,
				6A99C3912812ED7900033660 /* Main.storyboard */,
				6A99C3942812ED7900033660 /* Assets.xcassets */,
				6A99C3962812ED7900033660 /* LaunchScreen.storyboard */,
				6A99C3992812ED7900033660 /* Info.plist */,
				6A99C39A2812ED7900033660 /* main.m */,
			);
			path = Pro1.0;
			sourceTree = "<group>";
		};
		6A99C3A32812ED7900033660 /* Pro1.0Tests */ = {
			isa = PBXGroup;
			children = (
				6A99C3A42812ED7900033660 /* Pro1_0Tests.m */,
			);
			path = Pro1.0Tests;
			sourceTree = "<group>";
		};
		6A99C3AD2812ED7900033660 /* Pro1.0UITests */ = {
			isa = PBXGroup;
			children = (
				6A99C3AE2812ED7900033660 /* Pro1_0UITests.m */,
				6A99C3B02812ED7900033660 /* Pro1_0UITestsLaunchTests.m */,
			);
			path = Pro1.0UITests;
			sourceTree = "<group>";
		};
		6ADC48A9281554860065EECA /* Home */ = {
			isa = PBXGroup;
			children = (
				6A69400628159864004D6486 /* HomeViewController.h */,
				6A69400728159864004D6486 /* HomeViewController.m */,
				6AA0F7E028168C470082E9C0 /* EventSectionViewController.h */,
				6AA0F7E128168C470082E9C0 /* EventSectionViewController.m */,
				6AA0F7E32816A9420082E9C0 /* TodoSectionViewController.h */,
				6AA0F7E42816A9420082E9C0 /* TodoSectionViewController.m */,
				6A528E6B2816D87000C9BE56 /* NoteSectionViewController.h */,
				6A528E6C2816D87000C9BE56 /* NoteSectionViewController.m */,
			);
			path = Home;
			sourceTree = "<group>";
		};
		86E1DAF0486866EF0626B367 /* Pods */ = {
			isa = PBXGroup;
			children = (
				D3D40C487415BB241232F911 /* Pods-Pro1.0.debug.xcconfig */,
				1FA2B1E63B483633C6222902 /* Pods-Pro1.0.release.xcconfig */,
				AC4ECC326230D9834E167A86 /* Pods-Pro1.0-Pro1.0UITests.debug.xcconfig */,
				F3554F38D7079089E0BC07F4 /* Pods-Pro1.0-Pro1.0UITests.release.xcconfig */,
				AE03E0115AAA6640527DECA5 /* Pods-Pro1.0Tests.debug.xcconfig */,
				799A1115B6C619309E35685E /* Pods-Pro1.0Tests.release.xcconfig */,
			);
			path = Pods;
			sourceTree = "<group>";
		};
		FDD645E74AABBFEB56776314 /* Frameworks */ = {
			isa = PBXGroup;
			children = (
				C772DBFC5D249588A2D3852C /* Pods_Pro1_0.framework */,
				229D9FE2D2548386D0B8BB41 /* Pods_Pro1_0_Pro1_0UITests.framework */,
				9DB7B05EE58874B95E9D297D /* Pods_Pro1_0Tests.framework */,
			);
			name = Frameworks;
			sourceTree = "<group>";
		};
/* End PBXGroup section */

/* Begin PBXNativeTarget section */
		6A99C3842812ED7900033660 /* Pro1.0 */ = {
			isa = PBXNativeTarget;
			buildConfigurationList = 6A99C3B42812ED7900033660 /* Build configuration list for PBXNativeTarget "Pro1.0" */;
			buildPhases = (
				C8825563B5700D0DF85DA110 /* [CP] Check Pods Manifest.lock */,
				6A99C3812812ED7900033660 /* Sources */,
				6A99C3822812ED7900033660 /* Frameworks */,
				6A99C3832812ED7900033660 /* Resources */,
				8C1036DA601D0B9A5E2AC497 /* [CP] Embed Pods Frameworks */,
			);
			buildRules = (
			);
			dependencies = (
			);
			name = Pro1.0;
			productName = Pro1.0;
			productReference = 6A99C3852812ED7900033660 /* Pro1.0.app */;
			productType = "com.apple.product-type.application";
		};
		6A99C39F2812ED7900033660 /* Pro1.0Tests */ = {
			isa = PBXNativeTarget;
			buildConfigurationList = 6A99C3B72812ED7900033660 /* Build configuration list for PBXNativeTarget "Pro1.0Tests" */;
			buildPhases = (
				ACB77327E8ACC2EB26E51908 /* [CP] Check Pods Manifest.lock */,
				6A99C39C2812ED7900033660 /* Sources */,
				6A99C39D2812ED7900033660 /* Frameworks */,
				6A99C39E2812ED7900033660 /* Resources */,
			);
			buildRules = (
			);
			dependencies = (
				6A99C3A22812ED7900033660 /* PBXTargetDependency */,
			);
			name = Pro1.0Tests;
			productName = Pro1.0Tests;
			productReference = 6A99C3A02812ED7900033660 /* Pro1.0Tests.xctest */;
			productType = "com.apple.product-type.bundle.unit-test";
		};
		6A99C3A92812ED7900033660 /* Pro1.0UITests */ = {
			isa = PBXNativeTarget;
			buildConfigurationList = 6A99C3BA2812ED7900033660 /* Build configuration list for PBXNativeTarget "Pro1.0UITests" */;
			buildPhases = (
				3EE97C6A0EB52FA96DC7A659 /* [CP] Check Pods Manifest.lock */,
				6A99C3A62812ED7900033660 /* Sources */,
				6A99C3A72812ED7900033660 /* Frameworks */,
				6A99C3A82812ED7900033660 /* Resources */,
				0F8EFEAD40BCD4BA31997462 /* [CP] Embed Pods Frameworks */,
			);
			buildRules = (
			);
			dependencies = (
				6A99C3AC2812ED7900033660 /* PBXTargetDependency */,
			);
			name = Pro1.0UITests;
			productName = Pro1.0UITests;
			productReference = 6A99C3AA2812ED7900033660 /* Pro1.0UITests.xctest */;
			productType = "com.apple.product-type.bundle.ui-testing";
		};
/* End PBXNativeTarget section */

/* Begin PBXProject section */
		6A99C37D2812ED7900033660 /* Project object */ = {
			isa = PBXProject;
			attributes = {
				BuildIndependentTargetsInParallel = 1;
				LastUpgradeCheck = 1320;
				TargetAttributes = {
					6A99C3842812ED7900033660 = {
						CreatedOnToolsVersion = 13.2.1;
					};
					6A99C39F2812ED7900033660 = {
						CreatedOnToolsVersion = 13.2.1;
						TestTargetID = 6A99C3842812ED7900033660;
					};
					6A99C3A92812ED7900033660 = {
						CreatedOnToolsVersion = 13.2.1;
						TestTargetID = 6A99C3842812ED7900033660;
					};
				};
			};
			buildConfigurationList = 6A99C3802812ED7900033660 /* Build configuration list for PBXProject "Pro1.0" */;
			compatibilityVersion = "Xcode 13.0";
			developmentRegion = en;
			hasScannedForEncodings = 0;
			knownRegions = (
				en,
				Base,
			);
			mainGroup = 6A99C37C2812ED7900033660;
			productRefGroup = 6A99C3862812ED7900033660 /* Products */;
			projectDirPath = "";
			projectRoot = "";
			targets = (
				6A99C3842812ED7900033660 /* Pro1.0 */,
				6A99C39F2812ED7900033660 /* Pro1.0Tests */,
				6A99C3A92812ED7900033660 /* Pro1.0UITests */,
			);
		};
/* End PBXProject section */

/* Begin PBXResourcesBuildPhase section */
		6A99C3832812ED7900033660 /* Resources */ = {
			isa = PBXResourcesBuildPhase;
			buildActionMask = 2147483647;
			files = (
				6A99C3982812ED7900033660 /* LaunchScreen.storyboard in Resources */,
				6A99C3952812ED7900033660 /* Assets.xcassets in Resources */,
				6A99C3932812ED7900033660 /* Main.storyboard in Resources */,
			);
			runOnlyForDeploymentPostprocessing = 0;
		};
		6A99C39E2812ED7900033660 /* Resources */ = {
			isa = PBXResourcesBuildPhase;
			buildActionMask = 2147483647;
			files = (
			);
			runOnlyForDeploymentPostprocessing = 0;
		};
		6A99C3A82812ED7900033660 /* Resources */ = {
			isa = PBXResourcesBuildPhase;
			buildActionMask = 2147483647;
			files = (
			);
			runOnlyForDeploymentPostprocessing = 0;
		};
/* End PBXResourcesBuildPhase section */

/* Begin PBXShellScriptBuildPhase section */
		0F8EFEAD40BCD4BA31997462 /* [CP] Embed Pods Frameworks */ = {
			isa = PBXShellScriptBuildPhase;
			buildActionMask = 2147483647;
			files = (
			);
			inputFileListPaths = (
				"${PODS_ROOT}/Target Support Files/Pods-Pro1.0-Pro1.0UITests/Pods-Pro1.0-Pro1.0UITests-frameworks-${CONFIGURATION}-input-files.xcfilelist",
			);
			name = "[CP] Embed Pods Frameworks";
			outputFileListPaths = (
				"${PODS_ROOT}/Target Support Files/Pods-Pro1.0-Pro1.0UITests/Pods-Pro1.0-Pro1.0UITests-frameworks-${CONFIGURATION}-output-files.xcfilelist",
			);
			runOnlyForDeploymentPostprocessing = 0;
			shellPath = /bin/sh;
			shellScript = "\"${PODS_ROOT}/Target Support Files/Pods-Pro1.0-Pro1.0UITests/Pods-Pro1.0-Pro1.0UITests-frameworks.sh\"\n";
			showEnvVarsInLog = 0;
		};
		3EE97C6A0EB52FA96DC7A659 /* [CP] Check Pods Manifest.lock */ = {
			isa = PBXShellScriptBuildPhase;
			buildActionMask = 2147483647;
			files = (
			);
			inputFileListPaths = (
			);
			inputPaths = (
				"${PODS_PODFILE_DIR_PATH}/Podfile.lock",
				"${PODS_ROOT}/Manifest.lock",
			);
			name = "[CP] Check Pods Manifest.lock";
			outputFileListPaths = (
			);
			outputPaths = (
				"$(DERIVED_FILE_DIR)/Pods-Pro1.0-Pro1.0UITests-checkManifestLockResult.txt",
			);
			runOnlyForDeploymentPostprocessing = 0;
			shellPath = /bin/sh;
			shellScript = "diff \"${PODS_PODFILE_DIR_PATH}/Podfile.lock\" \"${PODS_ROOT}/Manifest.lock\" > /dev/null\nif [ $? != 0 ] ; then\n    # print error to STDERR\n    echo \"error: The sandbox is not in sync with the Podfile.lock. Run 'pod install' or update your CocoaPods installation.\" >&2\n    exit 1\nfi\n# This output is used by Xcode 'outputs' to avoid re-running this script phase.\necho \"SUCCESS\" > \"${SCRIPT_OUTPUT_FILE_0}\"\n";
			showEnvVarsInLog = 0;
		};
		8C1036DA601D0B9A5E2AC497 /* [CP] Embed Pods Frameworks */ = {
			isa = PBXShellScriptBuildPhase;
			buildActionMask = 2147483647;
			files = (
			);
			inputFileListPaths = (
				"${PODS_ROOT}/Target Support Files/Pods-Pro1.0/Pods-Pro1.0-frameworks-${CONFIGURATION}-input-files.xcfilelist",
			);
			name = "[CP] Embed Pods Frameworks";
			outputFileListPaths = (
				"${PODS_ROOT}/Target Support Files/Pods-Pro1.0/Pods-Pro1.0-frameworks-${CONFIGURATION}-output-files.xcfilelist",
			);
			runOnlyForDeploymentPostprocessing = 0;
			shellPath = /bin/sh;
			shellScript = "\"${PODS_ROOT}/Target Support Files/Pods-Pro1.0/Pods-Pro1.0-frameworks.sh\"\n";
			showEnvVarsInLog = 0;
		};
		ACB77327E8ACC2EB26E51908 /* [CP] Check Pods Manifest.lock */ = {
			isa = PBXShellScriptBuildPhase;
			buildActionMask = 2147483647;
			files = (
			);
			inputFileListPaths = (
			);
			inputPaths = (
				"${PODS_PODFILE_DIR_PATH}/Podfile.lock",
				"${PODS_ROOT}/Manifest.lock",
			);
			name = "[CP] Check Pods Manifest.lock";
			outputFileListPaths = (
			);
			outputPaths = (
				"$(DERIVED_FILE_DIR)/Pods-Pro1.0Tests-checkManifestLockResult.txt",
			);
			runOnlyForDeploymentPostprocessing = 0;
			shellPath = /bin/sh;
			shellScript = "diff \"${PODS_PODFILE_DIR_PATH}/Podfile.lock\" \"${PODS_ROOT}/Manifest.lock\" > /dev/null\nif [ $? != 0 ] ; then\n    # print error to STDERR\n    echo \"error: The sandbox is not in sync with the Podfile.lock. Run 'pod install' or update your CocoaPods installation.\" >&2\n    exit 1\nfi\n# This output is used by Xcode 'outputs' to avoid re-running this script phase.\necho \"SUCCESS\" > \"${SCRIPT_OUTPUT_FILE_0}\"\n";
			showEnvVarsInLog = 0;
		};
		C8825563B5700D0DF85DA110 /* [CP] Check Pods Manifest.lock */ = {
			isa = PBXShellScriptBuildPhase;
			buildActionMask = 2147483647;
			files = (
			);
			inputFileListPaths = (
			);
			inputPaths = (
				"${PODS_PODFILE_DIR_PATH}/Podfile.lock",
				"${PODS_ROOT}/Manifest.lock",
			);
			name = "[CP] Check Pods Manifest.lock";
			outputFileListPaths = (
			);
			outputPaths = (
				"$(DERIVED_FILE_DIR)/Pods-Pro1.0-checkManifestLockResult.txt",
			);
			runOnlyForDeploymentPostprocessing = 0;
			shellPath = /bin/sh;
			shellScript = "diff \"${PODS_PODFILE_DIR_PATH}/Podfile.lock\" \"${PODS_ROOT}/Manifest.lock\" > /dev/null\nif [ $? != 0 ] ; then\n    # print error to STDERR\n    echo \"error: The sandbox is not in sync with the Podfile.lock. Run 'pod install' or update your CocoaPods installation.\" >&2\n    exit 1\nfi\n# This output is used by Xcode 'outputs' to avoid re-running this script phase.\necho \"SUCCESS\" > \"${SCRIPT_OUTPUT_FILE_0}\"\n";
			showEnvVarsInLog = 0;
		};
/* End PBXShellScriptBuildPhase section */

/* Begin PBXSourcesBuildPhase section */
		6A99C3812812ED7900033660 /* Sources */ = {
			isa = PBXSourcesBuildPhase;
			buildActionMask = 2147483647;
			files = (
				6AA0F7E52816A9420082E9C0 /* TodoSectionViewController.m in Sources */,
				6ADC48A8281550D60065EECA /* MainTabBarController.m in Sources */,
				6A3F55D92817D68B00CF971A /* WaterFallFlowLayout.m in Sources */,
				6A99C38A2812ED7900033660 /* AppDelegate.m in Sources */,
				6AA0F7E228168C470082E9C0 /* EventSectionViewController.m in Sources */,
				6AD275132815A1D20076CEFF /* EventViewController.m in Sources */,
				6A99C39B2812ED7900033660 /* main.m in Sources */,
				6A99C38D2812ED7900033660 /* SceneDelegate.m in Sources */,
				6A528E6D2816D87000C9BE56 /* NoteSectionViewController.m in Sources */,
				6A528E702816F13B00C9BE56 /* NoteViewController.m in Sources */,
				6A69400828159864004D6486 /* HomeViewController.m in Sources */,
			);
			runOnlyForDeploymentPostprocessing = 0;
		};
		6A99C39C2812ED7900033660 /* Sources */ = {
			isa = PBXSourcesBuildPhase;
			buildActionMask = 2147483647;
			files = (
				6A99C3A52812ED7900033660 /* Pro1_0Tests.m in Sources */,
			);
			runOnlyForDeploymentPostprocessing = 0;
		};
		6A99C3A62812ED7900033660 /* Sources */ = {
			isa = PBXSourcesBuildPhase;
			buildActionMask = 2147483647;
			files = (
				6A99C3AF2812ED7900033660 /* Pro1_0UITests.m in Sources */,
				6A99C3B12812ED7900033660 /* Pro1_0UITestsLaunchTests.m in Sources */,
			);
			runOnlyForDeploymentPostprocessing = 0;
		};
/* End PBXSourcesBuildPhase section */

/* Begin PBXTargetDependency section */
		6A99C3A22812ED7900033660 /* PBXTargetDependency */ = {
			isa = PBXTargetDependency;
			target = 6A99C3842812ED7900033660 /* Pro1.0 */;
			targetProxy = 6A99C3A12812ED7900033660 /* PBXContainerItemProxy */;
		};
		6A99C3AC2812ED7900033660 /* PBXTargetDependency */ = {
			isa = PBXTargetDependency;
			target = 6A99C3842812ED7900033660 /* Pro1.0 */;
			targetProxy = 6A99C3AB2812ED7900033660 /* PBXContainerItemProxy */;
		};
/* End PBXTargetDependency section */

/* Begin PBXVariantGroup section */
		6A99C3912812ED7900033660 /* Main.storyboard */ = {
			isa = PBXVariantGroup;
			children = (
				6A99C3922812ED7900033660 /* Base */,
			);
			name = Main.storyboard;
			sourceTree = "<group>";
		};
		6A99C3962812ED7900033660 /* LaunchScreen.storyboard */ = {
			isa = PBXVariantGroup;
			children = (
				6A99C3972812ED7900033660 /* Base */,
			);
			name = LaunchScreen.storyboard;
			sourceTree = "<group>";
		};
/* End PBXVariantGroup section */

/* Begin XCBuildConfiguration section */
		6A99C3B22812ED7900033660 /* Debug */ = {
			isa = XCBuildConfiguration;
			buildSettings = {
				ALWAYS_SEARCH_USER_PATHS = NO;
				CLANG_ANALYZER_NONNULL = YES;
				CLANG_ANALYZER_NUMBER_OBJECT_CONVERSION = YES_AGGRESSIVE;
				CLANG_CXX_LANGUAGE_STANDARD = "gnu++17";
				CLANG_CXX_LIBRARY = "libc++";
				CLANG_ENABLE_MODULES = YES;
				CLANG_ENABLE_OBJC_ARC = YES;
				CLANG_ENABLE_OBJC_WEAK = YES;
				CLANG_WARN_BLOCK_CAPTURE_AUTORELEASING = YES;
				CLANG_WARN_BOOL_CONVERSION = YES;
				CLANG_WARN_COMMA = YES;
				CLANG_WARN_CONSTANT_CONVERSION = YES;
				CLANG_WARN_DEPRECATED_OBJC_IMPLEMENTATIONS = YES;
				CLANG_WARN_DIRECT_OBJC_ISA_USAGE = YES_ERROR;
				CLANG_WARN_DOCUMENTATION_COMMENTS = YES;
				CLANG_WARN_EMPTY_BODY = YES;
				CLANG_WARN_ENUM_CONVERSION = YES;
				CLANG_WARN_INFINITE_RECURSION = YES;
				CLANG_WARN_INT_CONVERSION = YES;
				CLANG_WARN_NON_LITERAL_NULL_CONVERSION = YES;
				CLANG_WARN_OBJC_IMPLICIT_RETAIN_SELF = YES;
				CLANG_WARN_OBJC_LITERAL_CONVERSION = YES;
				CLANG_WARN_OBJC_ROOT_CLASS = YES_ERROR;
				CLANG_WARN_QUOTED_INCLUDE_IN_FRAMEWORK_HEADER = YES;
				CLANG_WARN_RANGE_LOOP_ANALYSIS = YES;
				CLANG_WARN_STRICT_PROTOTYPES = YES;
				CLANG_WARN_SUSPICIOUS_MOVE = YES;
				CLANG_WARN_UNGUARDED_AVAILABILITY = YES_AGGRESSIVE;
				CLANG_WARN_UNREACHABLE_CODE = YES;
				CLANG_WARN__DUPLICATE_METHOD_MATCH = YES;
				COPY_PHASE_STRIP = NO;
				DEBUG_INFORMATION_FORMAT = dwarf;
				ENABLE_STRICT_OBJC_MSGSEND = YES;
				ENABLE_TESTABILITY = YES;
				GCC_C_LANGUAGE_STANDARD = gnu11;
				GCC_DYNAMIC_NO_PIC = NO;
				GCC_NO_COMMON_BLOCKS = YES;
				GCC_OPTIMIZATION_LEVEL = 0;
				GCC_PREPROCESSOR_DEFINITIONS = (
					"DEBUG=1",
					"$(inherited)",
				);
				GCC_WARN_64_TO_32_BIT_CONVERSION = YES;
				GCC_WARN_ABOUT_RETURN_TYPE = YES_ERROR;
				GCC_WARN_UNDECLARED_SELECTOR = YES;
				GCC_WARN_UNINITIALIZED_AUTOS = YES_AGGRESSIVE;
				GCC_WARN_UNUSED_FUNCTION = YES;
				GCC_WARN_UNUSED_VARIABLE = YES;
				IPHONEOS_DEPLOYMENT_TARGET = 15.2;
				MTL_ENABLE_DEBUG_INFO = INCLUDE_SOURCE;
				MTL_FAST_MATH = YES;
				ONLY_ACTIVE_ARCH = YES;
				SDKROOT = iphoneos;
			};
			name = Debug;
		};
		6A99C3B32812ED7900033660 /* Release */ = {
			isa = XCBuildConfiguration;
			buildSettings = {
				ALWAYS_SEARCH_USER_PATHS = NO;
				CLANG_ANALYZER_NONNULL = YES;
				CLANG_ANALYZER_NUMBER_OBJECT_CONVERSION = YES_AGGRESSIVE;
				CLANG_CXX_LANGUAGE_STANDARD = "gnu++17";
				CLANG_CXX_LIBRARY = "libc++";
				CLANG_ENABLE_MODULES = YES;
				CLANG_ENABLE_OBJC_ARC = YES;
				CLANG_ENABLE_OBJC_WEAK = YES;
				CLANG_WARN_BLOCK_CAPTURE_AUTORELEASING = YES;
				CLANG_WARN_BOOL_CONVERSION = YES;
				CLANG_WARN_COMMA = YES;
				CLANG_WARN_CONSTANT_CONVERSION = YES;
				CLANG_WARN_DEPRECATED_OBJC_IMPLEMENTATIONS = YES;
				CLANG_WARN_DIRECT_OBJC_ISA_USAGE = YES_ERROR;
				CLANG_WARN_DOCUMENTATION_COMMENTS = YES;
				CLANG_WARN_EMPTY_BODY = YES;
				CLANG_WARN_ENUM_CONVERSION = YES;
				CLANG_WARN_INFINITE_RECURSION = YES;
				CLANG_WARN_INT_CONVERSION = YES;
				CLANG_WARN_NON_LITERAL_NULL_CONVERSION = YES;
				CLANG_WARN_OBJC_IMPLICIT_RETAIN_SELF = YES;
				CLANG_WARN_OBJC_LITERAL_CONVERSION = YES;
				CLANG_WARN_OBJC_ROOT_CLASS = YES_ERROR;
				CLANG_WARN_QUOTED_INCLUDE_IN_FRAMEWORK_HEADER = YES;
				CLANG_WARN_RANGE_LOOP_ANALYSIS = YES;
				CLANG_WARN_STRICT_PROTOTYPES = YES;
				CLANG_WARN_SUSPICIOUS_MOVE = YES;
				CLANG_WARN_UNGUARDED_AVAILABILITY = YES_AGGRESSIVE;
				CLANG_WARN_UNREACHABLE_CODE = YES;
				CLANG_WARN__DUPLICATE_METHOD_MATCH = YES;
				COPY_PHASE_STRIP = NO;
				DEBUG_INFORMATION_FORMAT = "dwarf-with-dsym";
				ENABLE_NS_ASSERTIONS = NO;
				ENABLE_STRICT_OBJC_MSGSEND = YES;
				GCC_C_LANGUAGE_STANDARD = gnu11;
				GCC_NO_COMMON_BLOCKS = YES;
				GCC_WARN_64_TO_32_BIT_CONVERSION = YES;
				GCC_WARN_ABOUT_RETURN_TYPE = YES_ERROR;
				GCC_WARN_UNDECLARED_SELECTOR = YES;
				GCC_WARN_UNINITIALIZED_AUTOS = YES_AGGRESSIVE;
				GCC_WARN_UNUSED_FUNCTION = YES;
				GCC_WARN_UNUSED_VARIABLE = YES;
				IPHONEOS_DEPLOYMENT_TARGET = 15.2;
				MTL_ENABLE_DEBUG_INFO = NO;
				MTL_FAST_MATH = YES;
				SDKROOT = iphoneos;
				VALIDATE_PRODUCT = YES;
			};
			name = Release;
		};
		6A99C3B52812ED7900033660 /* Debug */ = {
			isa = XCBuildConfiguration;
			baseConfigurationReference = D3D40C487415BB241232F911 /* Pods-Pro1.0.debug.xcconfig */;
			buildSettings = {
				ASSETCATALOG_COMPILER_APPICON_NAME = AppIcon;
				ASSETCATALOG_COMPILER_GLOBAL_ACCENT_COLOR_NAME = AccentColor;
				CODE_SIGN_STYLE = Automatic;
				CURRENT_PROJECT_VERSION = 1;
				DEVELOPMENT_TEAM = RFVDKD9PMN;
				GENERATE_INFOPLIST_FILE = YES;
				INFOPLIST_FILE = Pro1.0/Info.plist;
				INFOPLIST_KEY_UIApplicationSupportsIndirectInputEvents = YES;
				INFOPLIST_KEY_UILaunchStoryboardName = LaunchScreen;
				INFOPLIST_KEY_UIMainStoryboardFile = Main;
				INFOPLIST_KEY_UISupportedInterfaceOrientations_iPad = "UIInterfaceOrientationPortrait UIInterfaceOrientationPortraitUpsideDown UIInterfaceOrientationLandscapeLeft UIInterfaceOrientationLandscapeRight";
				INFOPLIST_KEY_UISupportedInterfaceOrientations_iPhone = "UIInterfaceOrientationPortrait UIInterfaceOrientationLandscapeLeft UIInterfaceOrientationLandscapeRight";
				LD_RUNPATH_SEARCH_PATHS = (
					"$(inherited)",
					"@executable_path/Frameworks",
				);
				MARKETING_VERSION = 1.0;
				PRODUCT_BUNDLE_IDENTIFIER = "com.ltl.oc.Pro1-0";
				PRODUCT_NAME = "$(TARGET_NAME)";
				SWIFT_EMIT_LOC_STRINGS = YES;
				TARGETED_DEVICE_FAMILY = "1,2";
			};
			name = Debug;
		};
		6A99C3B62812ED7900033660 /* Release */ = {
			isa = XCBuildConfiguration;
			baseConfigurationReference = 1FA2B1E63B483633C6222902 /* Pods-Pro1.0.release.xcconfig */;
			buildSettings = {
				ASSETCATALOG_COMPILER_APPICON_NAME = AppIcon;
				ASSETCATALOG_COMPILER_GLOBAL_ACCENT_COLOR_NAME = AccentColor;
				CODE_SIGN_STYLE = Automatic;
				CURRENT_PROJECT_VERSION = 1;
				DEVELOPMENT_TEAM = RFVDKD9PMN;
				GENERATE_INFOPLIST_FILE = YES;
				INFOPLIST_FILE = Pro1.0/Info.plist;
				INFOPLIST_KEY_UIApplicationSupportsIndirectInputEvents = YES;
				INFOPLIST_KEY_UILaunchStoryboardName = LaunchScreen;
				INFOPLIST_KEY_UIMainStoryboardFile = Main;
				INFOPLIST_KEY_UISupportedInterfaceOrientations_iPad = "UIInterfaceOrientationPortrait UIInterfaceOrientationPortraitUpsideDown UIInterfaceOrientationLandscapeLeft UIInterfaceOrientationLandscapeRight";
				INFOPLIST_KEY_UISupportedInterfaceOrientations_iPhone = "UIInterfaceOrientationPortrait UIInterfaceOrientationLandscapeLeft UIInterfaceOrientationLandscapeRight";
				LD_RUNPATH_SEARCH_PATHS = (
					"$(inherited)",
					"@executable_path/Frameworks",
				);
				MARKETING_VERSION = 1.0;
				PRODUCT_BUNDLE_IDENTIFIER = "com.ltl.oc.Pro1-0";
				PRODUCT_NAME = "$(TARGET_NAME)";
				SWIFT_EMIT_LOC_STRINGS = YES;
				TARGETED_DEVICE_FAMILY = "1,2";
			};
			name = Release;
		};
		6A99C3B82812ED7900033660 /* Debug */ = {
			isa = XCBuildConfiguration;
			baseConfigurationReference = AE03E0115AAA6640527DECA5 /* Pods-Pro1.0Tests.debug.xcconfig */;
			buildSettings = {
				BUNDLE_LOADER = "$(TEST_HOST)";
				CODE_SIGN_STYLE = Automatic;
				CURRENT_PROJECT_VERSION = 1;
				DEVELOPMENT_TEAM = RFVDKD9PMN;
				GENERATE_INFOPLIST_FILE = YES;
				IPHONEOS_DEPLOYMENT_TARGET = 15.2;
				MARKETING_VERSION = 1.0;
				PRODUCT_BUNDLE_IDENTIFIER = "com.ltl.oc.Pro1-0Tests";
				PRODUCT_NAME = "$(TARGET_NAME)";
				SWIFT_EMIT_LOC_STRINGS = NO;
				TARGETED_DEVICE_FAMILY = "1,2";
				TEST_HOST = "$(BUILT_PRODUCTS_DIR)/Pro1.0.app/Pro1.0";
			};
			name = Debug;
		};
		6A99C3B92812ED7900033660 /* Release */ = {
			isa = XCBuildConfiguration;
			baseConfigurationReference = 799A1115B6C619309E35685E /* Pods-Pro1.0Tests.release.xcconfig */;
			buildSettings = {
				BUNDLE_LOADER = "$(TEST_HOST)";
				CODE_SIGN_STYLE = Automatic;
				CURRENT_PROJECT_VERSION = 1;
				DEVELOPMENT_TEAM = RFVDKD9PMN;
				GENERATE_INFOPLIST_FILE = YES;
				IPHONEOS_DEPLOYMENT_TARGET = 15.2;
				MARKETING_VERSION = 1.0;
				PRODUCT_BUNDLE_IDENTIFIER = "com.ltl.oc.Pro1-0Tests";
				PRODUCT_NAME = "$(TARGET_NAME)";
				SWIFT_EMIT_LOC_STRINGS = NO;
				TARGETED_DEVICE_FAMILY = "1,2";
				TEST_HOST = "$(BUILT_PRODUCTS_DIR)/Pro1.0.app/Pro1.0";
			};
			name = Release;
		};
		6A99C3BB2812ED7900033660 /* Debug */ = {
			isa = XCBuildConfiguration;
			baseConfigurationReference = AC4ECC326230D9834E167A86 /* Pods-Pro1.0-Pro1.0UITests.debug.xcconfig */;
			buildSettings = {
				CODE_SIGN_STYLE = Automatic;
				CURRENT_PROJECT_VERSION = 1;
				DEVELOPMENT_TEAM = RFVDKD9PMN;
				GENERATE_INFOPLIST_FILE = YES;
				MARKETING_VERSION = 1.0;
				PRODUCT_BUNDLE_IDENTIFIER = "com.ltl.oc.Pro1-0UITests";
				PRODUCT_NAME = "$(TARGET_NAME)";
				SWIFT_EMIT_LOC_STRINGS = NO;
				TARGETED_DEVICE_FAMILY = "1,2";
				TEST_TARGET_NAME = Pro1.0;
			};
			name = Debug;
		};
		6A99C3BC2812ED7900033660 /* Release */ = {
			isa = XCBuildConfiguration;
			baseConfigurationReference = F3554F38D7079089E0BC07F4 /* Pods-Pro1.0-Pro1.0UITests.release.xcconfig */;
			buildSettings = {
				CODE_SIGN_STYLE = Automatic;
				CURRENT_PROJECT_VERSION = 1;
				DEVELOPMENT_TEAM = RFVDKD9PMN;
				GENERATE_INFOPLIST_FILE = YES;
				MARKETING_VERSION = 1.0;
				PRODUCT_BUNDLE_IDENTIFIER = "com.ltl.oc.Pro1-0UITests";
				PRODUCT_NAME = "$(TARGET_NAME)";
				SWIFT_EMIT_LOC_STRINGS = NO;
				TARGETED_DEVICE_FAMILY = "1,2";
				TEST_TARGET_NAME = Pro1.0;
			};
			name = Release;
		};
/* End XCBuildConfiguration section */

/* Begin XCConfigurationList section */
		6A99C3802812ED7900033660 /* Build configuration list for PBXProject "Pro1.0" */ = {
			isa = XCConfigurationList;
			buildConfigurations = (
				6A99C3B22812ED7900033660 /* Debug */,
				6A99C3B32812ED7900033660 /* Release */,
			);
			defaultConfigurationIsVisible = 0;
			defaultConfigurationName = Release;
		};
		6A99C3B42812ED7900033660 /* Build configuration list for PBXNativeTarget "Pro1.0" */ = {
			isa = XCConfigurationList;
			buildConfigurations = (
				6A99C3B52812ED7900033660 /* Debug */,
				6A99C3B62812ED7900033660 /* Release */,
			);
			defaultConfigurationIsVisible = 0;
			defaultConfigurationName = Release;
		};
		6A99C3B72812ED7900033660 /* Build configuration list for PBXNativeTarget "Pro1.0Tests" */ = {
			isa = XCConfigurationList;
			buildConfigurations = (
				6A99C3B82812ED7900033660 /* Debug */,
				6A99C3B92812ED7900033660 /* Release */,
			);
			defaultConfigurationIsVisible = 0;
			defaultConfigurationName = Release;
		};
		6A99C3BA2812ED7900033660 /* Build configuration list for PBXNativeTarget "Pro1.0UITests" */ = {
			isa = XCConfigurationList;
			buildConfigurations = (
				6A99C3BB2812ED7900033660 /* Debug */,
				6A99C3BC2812ED7900033660 /* Release */,
			);
			defaultConfigurationIsVisible = 0;
			defaultConfigurationName = Release;
		};
/* End XCConfigurationList section */
	};
	rootObject = 6A99C37D2812ED7900033660 /* Project object */;
}
